
Microsoft Visual Studio Solution File, Format Version 12.00
# Visual Studio 14
VisualStudioVersion = 14.0.25123.0
MinimumVisualStudioVersion = 10.0.40219.1
Project("{FAE04EC0-301F-11D3-BF4B-00C04F79EFBC}") = "Stockapp.Portal", "Stockapp.Portal\Stockapp.Portal.csproj", "{8D58A113-5411-40D4-B34E-25E872D1788E}"
EndProject
Project("{FAE04EC0-301F-11D3-BF4B-00C04F79EFBC}") = "Stockapp.Data", "Stockapp.Data\Stockapp.Data.csproj", "{4B86CB28-6043-4006-9224-733DAF420E48}"
EndProject
Project("{FAE04EC0-301F-11D3-BF4B-00C04F79EFBC}") = "Stockapp.Data.Access", "Stockapp.Data.Access\Stockapp.Data.Access.csproj", "{85A42617-262A-4ED0-AD5E-566C744EB2FC}"
EndProject
Project("{FAE04EC0-301F-11D3-BF4B-00C04F79EFBC}") = "Stockapp.Logic", "Stockapp.Logic\Stockapp.Logic.csproj", "{2862DCAB-5D1D-40FC-A445-817C19CB738C}"
EndProject
Project("{FAE04EC0-301F-11D3-BF4B-00C04F79EFBC}") = "Stockapp.Test", "Stockapp.Test\Stockapp.Test.csproj", "{680466D9-6C92-4AEE-BEE8-3D1505EBF654}"
EndProject
Global
	GlobalSection(SolutionConfigurationPlatforms) = preSolution
		Debug|Any CPU = Debug|Any CPU
		Release|Any CPU = Release|Any CPU
	EndGlobalSection
	GlobalSection(ProjectConfigurationPlatforms) = postSolution
		{8D58A113-5411-40D4-B34E-25E872D1788E}.Debug|Any CPU.ActiveCfg = Debug|Any CPU
		{8D58A113-5411-40D4-B34E-25E872D1788E}.Debug|Any CPU.Build.0 = Debug|Any CPU
		{8D58A113-5411-40D4-B34E-25E872D1788E}.Release|Any CPU.ActiveCfg = Release|Any CPU
		{8D58A113-5411-40D4-B34E-25E872D1788E}.Release|Any CPU.Build.0 = Release|Any CPU
		{4B86CB28-6043-4006-9224-733DAF420E48}.Debug|Any CPU.ActiveCfg = Debug|Any CPU
		{4B86CB28-6043-4006-9224-733DAF420E48}.Debug|Any CPU.Build.0 = Debug|Any CPU
		{4B86CB28-6043-4006-9224-733DAF420E48}.Release|Any CPU.ActiveCfg = Release|Any CPU
		{4B86CB28-6043-4006-9224-733DAF420E48}.Release|Any CPU.Build.0 = Release|Any CPU
		{85A42617-262A-4ED0-AD5E-566C744EB2FC}.Debug|Any CPU.ActiveCfg = Debug|Any CPU
		{85A42617-262A-4ED0-AD5E-566C744EB2FC}.Debug|Any CPU.Build.0 = Debug|Any CPU
		{85A42617-262A-4ED0-AD5E-566C744EB2FC}.Release|Any CPU.ActiveCfg = Release|Any CPU
		{85A42617-262A-4ED0-AD5E-566C744EB2FC}.Release|Any CPU.Build.0 = Release|Any CPU
		{2862DCAB-5D1D-40FC-A445-817C19CB738C}.Debug|Any CPU.ActiveCfg = Debug|Any CPU
		{2862DCAB-5D1D-40FC-A445-817C19CB738C}.Debug|Any CPU.Build.0 = Debug|Any CPU
		{2862DCAB-5D1D-40FC-A445-817C19CB738C}.Release|Any CPU.ActiveCfg = Release|Any CPU
		{2862DCAB-5D1D-40FC-A445-817C19CB738C}.Release|Any CPU.Build.0 = Release|Any CPU
		{680466D9-6C92-4AEE-BEE8-3D1505EBF654}.Debug|Any CPU.ActiveCfg = Debug|Any CPU
		{680466D9-6C92-4AEE-BEE8-3D1505EBF654}.Debug|Any CPU.Build.0 = Debug|Any CPU
		{680466D9-6C92-4AEE-BEE8-3D1505EBF654}.Release|Any CPU.ActiveCfg = Release|Any CPU
		{680466D9-6C92-4AEE-BEE8-3D1505EBF654}.Release|Any CPU.Build.0 = Release|Any CPU
	EndGlobalSection
	GlobalSection(SolutionProperties) = preSolution
		HideSolutionNode = FALSE
	EndGlobalSection
EndGlobal
